{
  "name": "imgstamp-xw",
  "version": "0.1.1",
  "lockfileVersion": 3,
  "requires": true,
  "packages": {
    "": {
      "name": "imgstamp-xw",
      "version": "0.1.1",
      "license": "MIT",
      "bin": {
        "imgstamp-xw": "cli.js"
      },
      "engines": {
        "node": ">=16"
      }
    }
  }
}
